
Microsoft Visual Studio Solution File, Format Version 12.00
# Visual Studio Version 17
VisualStudioVersion = 17.11.35222.181
MinimumVisualStudioVersion = 10.0.40219.1
Project("{FAE04EC0-301F-11D3-BF4B-00C04F79EFBC}") = "Sistema_de_cadastro", "Sistema de Cadastro\Sistema_de_cadastro.csproj", "{7C2579F2-61DF-4DE0-A01D-399E386A8F0C}"
EndProject
Global
	GlobalSection(SolutionConfigurationPlatforms) = preSolution
		Debug|Any CPU = Debug|Any CPU
		Release|Any CPU = Release|Any CPU
	EndGlobalSection
	GlobalSection(ProjectConfigurationPlatforms) = postSolution
		{7C2579F2-61DF-4DE0-A01D-399E386A8F0C}.Debug|Any CPU.ActiveCfg = Debug|Any CPU
		{7C2579F2-61DF-4DE0-A01D-399E386A8F0C}.Debug|Any CPU.Build.0 = Debug|Any CPU
		{7C2579F2-61DF-4DE0-A01D-399E386A8F0C}.Release|Any CPU.ActiveCfg = Release|Any CPU
		{7C2579F2-61DF-4DE0-A01D-399E386A8F0C}.Release|Any CPU.Build.0 = Release|Any CPU
	EndGlobalSection
	GlobalSection(SolutionProperties) = preSolution
		HideSolutionNode = FALSE
	EndGlobalSection
	GlobalSection(ExtensibilityGlobals) = postSolution
		SolutionGuid = {A6A2A38C-3D5C-4EE8-B444-39769E10D57E}
	EndGlobalSection
EndGlobal
